hash: df9dbb01d0688690b584e186412f717bbe813c92e9162e3b8c9243352fd4eb46
updated: 2016-11-10T23:29:43.312392088+01:00
imports:
- name: github.com/apache/thrift
  version: fd832242bba9d4eaba71c7c08e8eed440b106f98
  subpackages:
  - lib/go/thrift
- name: github.com/davecgh/go-spew
  version: 346938d642f2ec3594ed81d874461961cd0faa76
  subpackages:
  - spew
- name: github.com/opentracing/opentracing-go
  version: 902ca977fd85455c364050f985eba376b44315f0
  subpackages:
  - ext
  - log
- name: github.com/pmezard/go-difflib
  version: 792786c7400a136282c1664665ae0a8db921c6c2
  subpackages:
  - difflib
- name: github.com/stretchr/testify
  version: 976c720a22c8eb4eb6a0b4348ad85ad12491a506
  subpackages:
  - assert
  - mock
  - require
- name: github.com/uber-go/atomic
  version: 9e99152552a6ce13fa3b2ce4a9c4fb117cca4506
- name: github.com/uber/tchannel-go
  version: 04799c215227dfc212f5cc8c27fda367a94e8a66
  subpackages:
  - hyperbahn
  - thrift
  - testutils
  - relay
  - tnet
  - trand
  - typed
  - hyperbahn/gen-go/hyperbahn
  - json
  - thrift/gen-go/meta
  - raw
  - relay/relaytest
  - testutils/goroutines
- name: golang.org/x/net
  version: 9ef22118a4b25863aa94546daffbc0a18feaafb3
  subpackages:
  - context
testImports:
- name: github.com/stretchr/testify
  version: 976c720a22c8eb4eb6a0b4348ad85ad12491a506
  subpackages:
  - assert
